
Microsoft Visual Studio Solution File, Format Version 12.00
# Visual Studio Version 16
VisualStudioVersion = 16.0.31025.194
MinimumVisualStudioVersion = 10.0.40219.1
Project("{FAE04EC0-301F-11D3-BF4B-00C04F79EFBC}") = "imc", "imc\imc.csproj", "{7552D492-A2BD-44DA-9245-118A360DEB5F}"
EndProject
Global
	GlobalSection(SolutionConfigurationPlatforms) = preSolution
		Debug|Any CPU = Debug|Any CPU
		Release|Any CPU = Release|Any CPU
	EndGlobalSection
	GlobalSection(ProjectConfigurationPlatforms) = postSolution
		{7552D492-A2BD-44DA-9245-118A360DEB5F}.Debug|Any CPU.ActiveCfg = Debug|Any CPU
		{7552D492-A2BD-44DA-9245-118A360DEB5F}.Debug|Any CPU.Build.0 = Debug|Any CPU
		{7552D492-A2BD-44DA-9245-118A360DEB5F}.Release|Any CPU.ActiveCfg = Release|Any CPU
		{7552D492-A2BD-44DA-9245-118A360DEB5F}.Release|Any CPU.Build.0 = Release|Any CPU
	EndGlobalSection
	GlobalSection(SolutionProperties) = preSolution
		HideSolutionNode = FALSE
	EndGlobalSection
	GlobalSection(ExtensibilityGlobals) = postSolution
		SolutionGuid = {C2F67F93-4520-4575-8B05-2C2692DB1F9B}
	EndGlobalSection
EndGlobal
